// !$*UTF8*$!
{
	archiveVersion = 1;
	classes = {
	};
	objectVersion = 56;
	objects = {

/* Begin PBXBuildFile section */
		BD2FFDEB2C2CC4D60037A808 /* ContentView.swift in Sources */ = {isa = PBXBuildFile; fileRef = BD2FFDEA2C2CC4D60037A808 /* ContentView.swift */; };
		BD2FFDF32C2CC8310037A808 /* TripsView.swift in Sources */ = {isa = PBXBuildFile; fileRef = BD2FFDF22C2CC8310037A808 /* TripsView.swift */; };
		BD2FFDF52C2CC84D0037A808 /* CreateView.swift in Sources */ = {isa = PBXBuildFile; fileRef = BD2FFDF42C2CC84D0037A808 /* CreateView.swift */; };
		BD2FFDF72C2CC85F0037A808 /* TripItem.swift in Sources */ = {isa = PBXBuildFile; fileRef = BD2FFDF62C2CC85F0037A808 /* TripItem.swift */; };
		BD68AD442C2DE0EA0058A3DE /* GameView.swift in Sources */ = {isa = PBXBuildFile; fileRef = BD68AD432C2DE0E90058A3DE /* GameView.swift */; };
		BD989B8C2C262849005DE0A5 /* weatherApp.swift in Sources */ = {isa = PBXBuildFile; fileRef = BD989B8B2C262849005DE0A5 /* weatherApp.swift */; };
		BD989B8E2C262849005DE0A5 /* DailyView.swift in Sources */ = {isa = PBXBuildFile; fileRef = BD989B8D2C262849005DE0A5 /* DailyView.swift */; };
		BD989B902C26285D005DE0A5 /* Assets.xcassets in Resources */ = {isa = PBXBuildFile; fileRef = BD989B8F2C26285D005DE0A5 /* Assets.xcassets */; };
		BD989B932C26285D005DE0A5 /* Preview Assets.xcassets in Resources */ = {isa = PBXBuildFile; fileRef = BD989B922C26285D005DE0A5 /* Preview Assets.xcassets */; };
		BD989B9B2C2631EE005DE0A5 /* LocationManager.swift in Sources */ = {isa = PBXBuildFile; fileRef = BD989B9A2C2631EE005DE0A5 /* LocationManager.swift */; };
		BD989B9D2C263200005DE0A5 /* WeatherService.swift in Sources */ = {isa = PBXBuildFile; fileRef = BD989B9C2C263200005DE0A5 /* WeatherService.swift */; };
		BDC835F72C2B25B500133FFE /* LocationViewModel.swift in Sources */ = {isa = PBXBuildFile; fileRef = BDC835F62C2B25B500133FFE /* LocationViewModel.swift */; };
		BDDFB05C2C2DF3DE009AECD0 /* Cards.swift in Sources */ = {isa = PBXBuildFile; fileRef = BDDFB05B2C2DF3DE009AECD0 /* Cards.swift */; };
/* End PBXBuildFile section */

/* Begin PBXFileReference section */
		BD2FFDEA2C2CC4D60037A808 /* ContentView.swift */ = {isa = PBXFileReference; lastKnownFileType = sourcecode.swift; path = ContentView.swift; sourceTree = "<group>"; };
		BD2FFDF22C2CC8310037A808 /* TripsView.swift */ = {isa = PBXFileReference; lastKnownFileType = sourcecode.swift; path = TripsView.swift; sourceTree = "<group>"; };
		BD2FFDF42C2CC84D0037A808 /* CreateView.swift */ = {isa = PBXFileReference; lastKnownFileType = sourcecode.swift; path = CreateView.swift; sourceTree = "<group>"; };
		BD2FFDF62C2CC85F0037A808 /* TripItem.swift */ = {isa = PBXFileReference; lastKnownFileType = sourcecode.swift; path = TripItem.swift; sourceTree = "<group>"; };
		BD68AD432C2DE0E90058A3DE /* GameView.swift */ = {isa = PBXFileReference; lastKnownFileType = sourcecode.swift; path = GameView.swift; sourceTree = "<group>"; };
		BD989B882C262849005DE0A5 /* weather.app */ = {isa = PBXFileReference; explicitFileType = wrapper.application; includeInIndex = 0; path = weather.app; sourceTree = BUILT_PRODUCTS_DIR; };
		BD989B8B2C262849005DE0A5 /* weatherApp.swift */ = {isa = PBXFileReference; lastKnownFileType = sourcecode.swift; path = weatherApp.swift; sourceTree = "<group>"; };
		BD989B8D2C262849005DE0A5 /* DailyView.swift */ = {isa = PBXFileReference; lastKnownFileType = sourcecode.swift; path = DailyView.swift; sourceTree = "<group>"; };
		BD989B8F2C26285D005DE0A5 /* Assets.xcassets */ = {isa = PBXFileReference; lastKnownFileType = folder.assetcatalog; path = Assets.xcassets; sourceTree = "<group>"; };
		BD989B922C26285D005DE0A5 /* Preview Assets.xcassets */ = {isa = PBXFileReference; lastKnownFileType = folder.assetcatalog; path = "Preview Assets.xcassets"; sourceTree = "<group>"; };
		BD989B992C262F5A005DE0A5 /* Info.plist */ = {isa = PBXFileReference; lastKnownFileType = text.plist; path = Info.plist; sourceTree = "<group>"; };
		BD989B9A2C2631EE005DE0A5 /* LocationManager.swift */ = {isa = PBXFileReference; lastKnownFileType = sourcecode.swift; path = LocationManager.swift; sourceTree = "<group>"; };
		BD989B9C2C263200005DE0A5 /* WeatherService.swift */ = {isa = PBXFileReference; lastKnownFileType = sourcecode.swift; path = WeatherService.swift; sourceTree = "<group>"; };
		BDC835F62C2B25B500133FFE /* LocationViewModel.swift */ = {isa = PBXFileReference; lastKnownFileType = sourcecode.swift; path = LocationViewModel.swift; sourceTree = "<group>"; };
		BDDFB05B2C2DF3DE009AECD0 /* Cards.swift */ = {isa = PBXFileReference; lastKnownFileType = sourcecode.swift; path = Cards.swift; sourceTree = "<group>"; };
/* End PBXFileReference section */

/* Begin PBXFrameworksBuildPhase section */
		BD989B852C262849005DE0A5 /* Frameworks */ = {
			isa = PBXFrameworksBuildPhase;
			buildActionMask = 2147483647;
			files = (
			);
			runOnlyForDeploymentPostprocessing = 0;
		};
/* End PBXFrameworksBuildPhase section */

/* Begin PBXGroup section */
		BD989B7F2C262849005DE0A5 = {
			isa = PBXGroup;
			children = (
				BD989B8A2C262849005DE0A5 /* weather */,
				BD989B892C262849005DE0A5 /* Products */,
			);
			sourceTree = "<group>";
		};
		BD989B892C262849005DE0A5 /* Products */ = {
			isa = PBXGroup;
			children = (
				BD989B882C262849005DE0A5 /* weather.app */,
			);
			name = Products;
			sourceTree = "<group>";
		};
		BD989B8A2C262849005DE0A5 /* weather */ = {
			isa = PBXGroup;
			children = (
				BD989B992C262F5A005DE0A5 /* Info.plist */,
				BD989B8B2C262849005DE0A5 /* weatherApp.swift */,
				BD2FFDEA2C2CC4D60037A808 /* ContentView.swift */,
				BD989B8D2C262849005DE0A5 /* DailyView.swift */,
				BD68AD432C2DE0E90058A3DE /* GameView.swift */,
				BDDFB05B2C2DF3DE009AECD0 /* Cards.swift */,
				BD2FFDF22C2CC8310037A808 /* TripsView.swift */,
				BD2FFDF42C2CC84D0037A808 /* CreateView.swift */,
				BD2FFDF62C2CC85F0037A808 /* TripItem.swift */,
				BDC835F62C2B25B500133FFE /* LocationViewModel.swift */,
				BD989B9A2C2631EE005DE0A5 /* LocationManager.swift */,
				BD989B9C2C263200005DE0A5 /* WeatherService.swift */,
				BD989B8F2C26285D005DE0A5 /* Assets.xcassets */,
				BD989B912C26285D005DE0A5 /* Preview Content */,
			);
			path = weather;
			sourceTree = "<group>";
		};
		BD989B912C26285D005DE0A5 /* Preview Content */ = {
			isa = PBXGroup;
			children = (
				BD989B922C26285D005DE0A5 /* Preview Assets.xcassets */,
			);
			path = "Preview Content";
			sourceTree = "<group>";
		};
/* End PBXGroup section */

/* Begin PBXNativeTarget section */
		BD989B872C262849005DE0A5 /* weather */ = {
			isa = PBXNativeTarget;
			buildConfigurationList = BD989B962C26285D005DE0A5 /* Build configuration list for PBXNativeTarget "weather" */;
			buildPhases = (
				BD989B842C262849005DE0A5 /* Sources */,
				BD989B852C262849005DE0A5 /* Frameworks */,
				BD989B862C262849005DE0A5 /* Resources */,
			);
			buildRules = (
			);
			dependencies = (
			);
			name = weather;
			productName = weather;
			productReference = BD989B882C262849005DE0A5 /* weather.app */;
			productType = "com.apple.product-type.application";
		};
/* End PBXNativeTarget section */

/* Begin PBXProject section */
		BD989B802C262849005DE0A5 /* Project object */ = {
			isa = PBXProject;
			attributes = {
				BuildIndependentTargetsInParallel = 1;
				LastSwiftUpdateCheck = 1540;
				LastUpgradeCheck = 1540;
				TargetAttributes = {
					BD989B872C262849005DE0A5 = {
						CreatedOnToolsVersion = 15.4;
					};
				};
			};
			buildConfigurationList = BD989B832C262849005DE0A5 /* Build configuration list for PBXProject "weather" */;
			compatibilityVersion = "Xcode 14.0";
			developmentRegion = en;
			hasScannedForEncodings = 0;
			knownRegions = (
				en,
				Base,
			);
			mainGroup = BD989B7F2C262849005DE0A5;
			productRefGroup = BD989B892C262849005DE0A5 /* Products */;
			projectDirPath = "";
			projectRoot = "";
			targets = (
				BD989B872C262849005DE0A5 /* weather */,
			);
		};
/* End PBXProject section */

/* Begin PBXResourcesBuildPhase section */
		BD989B862C262849005DE0A5 /* Resources */ = {
			isa = PBXResourcesBuildPhase;
			buildActionMask = 2147483647;
			files = (
				BD989B932C26285D005DE0A5 /* Preview Assets.xcassets in Resources */,
				BD989B902C26285D005DE0A5 /* Assets.xcassets in Resources */,
			);
			runOnlyForDeploymentPostprocessing = 0;
		};
/* End PBXResourcesBuildPhase section */

/* Begin PBXSourcesBuildPhase section */
		BD989B842C262849005DE0A5 /* Sources */ = {
			isa = PBXSourcesBuildPhase;
			buildActionMask = 2147483647;
			files = (
				BD2FFDF32C2CC8310037A808 /* TripsView.swift in Sources */,
				BD989B9D2C263200005DE0A5 /* WeatherService.swift in Sources */,
				BD989B8E2C262849005DE0A5 /* DailyView.swift in Sources */,
				BD2FFDEB2C2CC4D60037A808 /* ContentView.swift in Sources */,
				BD2FFDF52C2CC84D0037A808 /* CreateView.swift in Sources */,
				BDDFB05C2C2DF3DE009AECD0 /* Cards.swift in Sources */,
				BD989B8C2C262849005DE0A5 /* weatherApp.swift in Sources */,
				BD2FFDF72C2CC85F0037A808 /* TripItem.swift in Sources */,
				BDC835F72C2B25B500133FFE /* LocationViewModel.swift in Sources */,
				BD989B9B2C2631EE005DE0A5 /* LocationManager.swift in Sources */,
				BD68AD442C2DE0EA0058A3DE /* GameView.swift in Sources */,
			);
			runOnlyForDeploymentPostprocessing = 0;
		};
/* End PBXSourcesBuildPhase section */

/* Begin XCBuildConfiguration section */
		BD989B942C26285D005DE0A5 /* Debug */ = {
			isa = XCBuildConfiguration;
			buildSettings = {
				ALWAYS_SEARCH_USER_PATHS = NO;
				ASSETCATALOG_COMPILER_GENERATE_SWIFT_ASSET_SYMBOL_EXTENSIONS = YES;
				CLANG_ANALYZER_NONNULL = YES;
				CLANG_ANALYZER_NUMBER_OBJECT_CONVERSION = YES_AGGRESSIVE;
				CLANG_CXX_LANGUAGE_STANDARD = "gnu++20";
				CLANG_ENABLE_MODULES = YES;
				CLANG_ENABLE_OBJC_ARC = YES;
				CLANG_ENABLE_OBJC_WEAK = YES;
				CLANG_WARN_BLOCK_CAPTURE_AUTORELEASING = YES;
				CLANG_WARN_BOOL_CONVERSION = YES;
				CLANG_WARN_COMMA = YES;
				CLANG_WARN_CONSTANT_CONVERSION = YES;
				CLANG_WARN_DEPRECATED_OBJC_IMPLEMENTATIONS = YES;
				CLANG_WARN_DIRECT_OBJC_ISA_USAGE = YES_ERROR;
				CLANG_WARN_DOCUMENTATION_COMMENTS = YES;
				CLANG_WARN_EMPTY_BODY = YES;
				CLANG_WARN_ENUM_CONVERSION = YES;
				CLANG_WARN_INFINITE_RECURSION = YES;
				CLANG_WARN_INT_CONVERSION = YES;
				CLANG_WARN_NON_LITERAL_NULL_CONVERSION = YES;
				CLANG_WARN_OBJC_IMPLICIT_RETAIN_SELF = YES;
				CLANG_WARN_OBJC_LITERAL_CONVERSION = YES;
				CLANG_WARN_OBJC_ROOT_CLASS = YES_ERROR;
				CLANG_WARN_QUOTED_INCLUDE_IN_FRAMEWORK_HEADER = YES;
				CLANG_WARN_RANGE_LOOP_ANALYSIS = YES;
				CLANG_WARN_STRICT_PROTOTYPES = YES;
				CLANG_WARN_SUSPICIOUS_MOVE = YES;
				CLANG_WARN_UNGUARDED_AVAILABILITY = YES_AGGRESSIVE;
				CLANG_WARN_UNREACHABLE_CODE = YES;
				CLANG_WARN__DUPLICATE_METHOD_MATCH = YES;
				COPY_PHASE_STRIP = NO;
				DEBUG_INFORMATION_FORMAT = dwarf;
				ENABLE_STRICT_OBJC_MSGSEND = YES;
				ENABLE_TESTABILITY = YES;
				ENABLE_USER_SCRIPT_SANDBOXING = YES;
				GCC_C_LANGUAGE_STANDARD = gnu17;
				GCC_DYNAMIC_NO_PIC = NO;
				GCC_NO_COMMON_BLOCKS = YES;
				GCC_OPTIMIZATION_LEVEL = 0;
				GCC_PREPROCESSOR_DEFINITIONS = (
					"DEBUG=1",
					"$(inherited)",
				);
				GCC_WARN_64_TO_32_BIT_CONVERSION = YES;
				GCC_WARN_ABOUT_RETURN_TYPE = YES_ERROR;
				GCC_WARN_UNDECLARED_SELECTOR = YES;
				GCC_WARN_UNINITIALIZED_AUTOS = YES_AGGRESSIVE;
				GCC_WARN_UNUSED_FUNCTION = YES;
				GCC_WARN_UNUSED_VARIABLE = YES;
				IPHONEOS_DEPLOYMENT_TARGET = 17.5;
				LOCALIZATION_PREFERS_STRING_CATALOGS = YES;
				MTL_ENABLE_DEBUG_INFO = INCLUDE_SOURCE;
				MTL_FAST_MATH = YES;
				ONLY_ACTIVE_ARCH = YES;
				SDKROOT = iphoneos;
				SWIFT_ACTIVE_COMPILATION_CONDITIONS = "DEBUG $(inherited)";
				SWIFT_OPTIMIZATION_LEVEL = "-Onone";
			};
			name = Debug;
		};
		BD989B952C26285D005DE0A5 /* Release */ = {
			isa = XCBuildConfiguration;
			buildSettings = {
				ALWAYS_SEARCH_USER_PATHS = NO;
				ASSETCATALOG_COMPILER_GENERATE_SWIFT_ASSET_SYMBOL_EXTENSIONS = YES;
				CLANG_ANALYZER_NONNULL = YES;
				CLANG_ANALYZER_NUMBER_OBJECT_CONVERSION = YES_AGGRESSIVE;
				CLANG_CXX_LANGUAGE_STANDARD = "gnu++20";
				CLANG_ENABLE_MODULES = YES;
				CLANG_ENABLE_OBJC_ARC = YES;
				CLANG_ENABLE_OBJC_WEAK = YES;
				CLANG_WARN_BLOCK_CAPTURE_AUTORELEASING = YES;
				CLANG_WARN_BOOL_CONVERSION = YES;
				CLANG_WARN_COMMA = YES;
				CLANG_WARN_CONSTANT_CONVERSION = YES;
				CLANG_WARN_DEPRECATED_OBJC_IMPLEMENTATIONS = YES;
				CLANG_WARN_DIRECT_OBJC_ISA_USAGE = YES_ERROR;
				CLANG_WARN_DOCUMENTATION_COMMENTS = YES;
				CLANG_WARN_EMPTY_BODY = YES;
				CLANG_WARN_ENUM_CONVERSION = YES;
				CLANG_WARN_INFINITE_RECURSION = YES;
				CLANG_WARN_INT_CONVERSION = YES;
				CLANG_WARN_NON_LITERAL_NULL_CONVERSION = YES;
				CLANG_WARN_OBJC_IMPLICIT_RETAIN_SELF = YES;
				CLANG_WARN_OBJC_LITERAL_CONVERSION = YES;
				CLANG_WARN_OBJC_ROOT_CLASS = YES_ERROR;
				CLANG_WARN_QUOTED_INCLUDE_IN_FRAMEWORK_HEADER = YES;
				CLANG_WARN_RANGE_LOOP_ANALYSIS = YES;
				CLANG_WARN_STRICT_PROTOTYPES = YES;
				CLANG_WARN_SUSPICIOUS_MOVE = YES;
				CLANG_WARN_UNGUARDED_AVAILABILITY = YES_AGGRESSIVE;
				CLANG_WARN_UNREACHABLE_CODE = YES;
				CLANG_WARN__DUPLICATE_METHOD_MATCH = YES;
				COPY_PHASE_STRIP = NO;
				DEBUG_INFORMATION_FORMAT = "dwarf-with-dsym";
				ENABLE_NS_ASSERTIONS = NO;
				ENABLE_STRICT_OBJC_MSGSEND = YES;
				ENABLE_USER_SCRIPT_SANDBOXING = YES;
				GCC_C_LANGUAGE_STANDARD = gnu17;
				GCC_NO_COMMON_BLOCKS = YES;
				GCC_WARN_64_TO_32_BIT_CONVERSION = YES;
				GCC_WARN_ABOUT_RETURN_TYPE = YES_ERROR;
				GCC_WARN_UNDECLARED_SELECTOR = YES;
				GCC_WARN_UNINITIALIZED_AUTOS = YES_AGGRESSIVE;
				GCC_WARN_UNUSED_FUNCTION = YES;
				GCC_WARN_UNUSED_VARIABLE = YES;
				IPHONEOS_DEPLOYMENT_TARGET = 17.5;
				LOCALIZATION_PREFERS_STRING_CATALOGS = YES;
				MTL_ENABLE_DEBUG_INFO = NO;
				MTL_FAST_MATH = YES;
				SDKROOT = iphoneos;
				SWIFT_COMPILATION_MODE = wholemodule;
				VALIDATE_PRODUCT = YES;
			};
			name = Release;
		};
		BD989B972C26285D005DE0A5 /* Debug */ = {
			isa = XCBuildConfiguration;
			buildSettings = {
				ASSETCATALOG_COMPILER_APPICON_NAME = AppIcon;
				ASSETCATALOG_COMPILER_GLOBAL_ACCENT_COLOR_NAME = AccentColor;
				CODE_SIGN_STYLE = Automatic;
				CURRENT_PROJECT_VERSION = 1;
				DEVELOPMENT_ASSET_PATHS = "\"weather/Preview Content\"";
				ENABLE_PREVIEWS = YES;
				GENERATE_INFOPLIST_FILE = YES;
				INFOPLIST_FILE = weather/Info.plist;
				INFOPLIST_KEY_UIApplicationSceneManifest_Generation = YES;
				INFOPLIST_KEY_UIApplicationSupportsIndirectInputEvents = YES;
				INFOPLIST_KEY_UILaunchScreen_Generation = YES;
				INFOPLIST_KEY_UISupportedInterfaceOrientations_iPad = "UIInterfaceOrientationPortrait UIInterfaceOrientationPortraitUpsideDown UIInterfaceOrientationLandscapeLeft UIInterfaceOrientationLandscapeRight";
				INFOPLIST_KEY_UISupportedInterfaceOrientations_iPhone = "UIInterfaceOrientationPortrait UIInterfaceOrientationLandscapeLeft UIInterfaceOrientationLandscapeRight";
				LD_RUNPATH_SEARCH_PATHS = (
					"$(inherited)",
					"@executable_path/Frameworks",
				);
				MARKETING_VERSION = 1.0;
				PRODUCT_BUNDLE_IDENTIFIER = kwk.weather;
				PRODUCT_NAME = "$(TARGET_NAME)";
				SWIFT_EMIT_LOC_STRINGS = YES;
				SWIFT_VERSION = 5.0;
				TARGETED_DEVICE_FAMILY = "1,2";
			};
			name = Debug;
		};
		BD989B982C26285D005DE0A5 /* Release */ = {
			isa = XCBuildConfiguration;
			buildSettings = {
				ASSETCATALOG_COMPILER_APPICON_NAME = AppIcon;
				ASSETCATALOG_COMPILER_GLOBAL_ACCENT_COLOR_NAME = AccentColor;
				CODE_SIGN_STYLE = Automatic;
				CURRENT_PROJECT_VERSION = 1;
				DEVELOPMENT_ASSET_PATHS = "\"weather/Preview Content\"";
				ENABLE_PREVIEWS = YES;
				GENERATE_INFOPLIST_FILE = YES;
				INFOPLIST_FILE = weather/Info.plist;
				INFOPLIST_KEY_UIApplicationSceneManifest_Generation = YES;
				INFOPLIST_KEY_UIApplicationSupportsIndirectInputEvents = YES;
				INFOPLIST_KEY_UILaunchScreen_Generation = YES;
				INFOPLIST_KEY_UISupportedInterfaceOrientations_iPad = "UIInterfaceOrientationPortrait UIInterfaceOrientationPortraitUpsideDown UIInterfaceOrientationLandscapeLeft UIInterfaceOrientationLandscapeRight";
				INFOPLIST_KEY_UISupportedInterfaceOrientations_iPhone = "UIInterfaceOrientationPortrait UIInterfaceOrientationLandscapeLeft UIInterfaceOrientationLandscapeRight";
				LD_RUNPATH_SEARCH_PATHS = (
					"$(inherited)",
					"@executable_path/Frameworks",
				);
				MARKETING_VERSION = 1.0;
				PRODUCT_BUNDLE_IDENTIFIER = kwk.weather;
				PRODUCT_NAME = "$(TARGET_NAME)";
				SWIFT_EMIT_LOC_STRINGS = YES;
				SWIFT_VERSION = 5.0;
				TARGETED_DEVICE_FAMILY = "1,2";
			};
			name = Release;
		};
/* End XCBuildConfiguration section */

/* Begin XCConfigurationList section */
		BD989B832C262849005DE0A5 /* Build configuration list for PBXProject "weather" */ = {
			isa = XCConfigurationList;
			buildConfigurations = (
				BD989B942C26285D005DE0A5 /* Debug */,
				BD989B952C26285D005DE0A5 /* Release */,
			);
			defaultConfigurationIsVisible = 0;
			defaultConfigurationName = Release;
		};
		BD989B962C26285D005DE0A5 /* Build configuration list for PBXNativeTarget "weather" */ = {
			isa = XCConfigurationList;
			buildConfigurations = (
				BD989B972C26285D005DE0A5 /* Debug */,
				BD989B982C26285D005DE0A5 /* Release */,
			);
			defaultConfigurationIsVisible = 0;
			defaultConfigurationName = Release;
		};
/* End XCConfigurationList section */
	};
	rootObject = BD989B802C262849005DE0A5 /* Project object */;
}
